// !$*UTF8*$!
{
	archiveVersion = 1;
	classes = {
	};
	objectVersion = 77;
	objects = {

/* Begin PBXBuildFile section */
		26319BC45CAE5308969AFC5B /* Resources in Resources */ = {isa = PBXBuildFile; fileRef = 0692FC25F27451B48E37561E /* Resources */; };
		66454B7E2FB72B35009E2DE3 /* AppDelegate.swift in Sources */ = {isa = PBXBuildFile; fileRef = 66454B7D2FB72B35009E2DE3 /* AppDelegate.swift */; };
		66454B802FB72B35009E2DE3 /* SceneDelegate.swift in Sources */ = {isa = PBXBuildFile; fileRef = 66454B7F2FB72B35009E2DE3 /* SceneDelegate.swift */; };
		66454B832FB72B35009E2DE3 /* LaunchScreen.storyboard in Resources */ = {isa = PBXBuildFile; fileRef = 66454B812FB72B35009E2DE3 /* LaunchScreen.storyboard */; };
		66454B862FB72B35009E2DE3 /* Main.storyboard in Resources */ = {isa = PBXBuildFile; fileRef = 66454B842FB72B35009E2DE3 /* Main.storyboard */; };
		66454B8F2FB72B35009E2DE3 /* AppDelegate.swift in Sources */ = {isa = PBXBuildFile; fileRef = 66454B8E2FB72B35009E2DE3 /* AppDelegate.swift */; };
		66454B922FB72B35009E2DE3 /* Main.storyboard in Resources */ = {isa = PBXBuildFile; fileRef = 66454B902FB72B35009E2DE3 /* Main.storyboard */; };
		66454B992FB72B35009E2DE3 /* To Recipient Warning Extension.appex in Embed Foundation Extensions */ = {isa = PBXBuildFile; fileRef = 66454B982FB72B35009E2DE3 /* To Recipient Warning Extension.appex */; settings = {ATTRIBUTES = (RemoveHeadersOnCopy, ); }; };
		66454BA32FB72B35009E2DE3 /* To Recipient Warning Extension.appex in Embed Foundation Extensions */ = {isa = PBXBuildFile; fileRef = 66454BA22FB72B35009E2DE3 /* To Recipient Warning Extension.appex */; settings = {ATTRIBUTES = (RemoveHeadersOnCopy, ); }; };
		66454BA82FB72B35009E2DE3 /* Main.html in Resources */ = {isa = PBXBuildFile; fileRef = 66454B6D2FB72B34009E2DE3 /* Main.html */; };
		66454BA92FB72B35009E2DE3 /* Main.html in Resources */ = {isa = PBXBuildFile; fileRef = 66454B6D2FB72B34009E2DE3 /* Main.html */; };
		66454BAA2FB72B35009E2DE3 /* Icon.png in Resources */ = {isa = PBXBuildFile; fileRef = 66454B6F2FB72B34009E2DE3 /* Icon.png */; };
		66454BAB2FB72B35009E2DE3 /* Icon.png in Resources */ = {isa = PBXBuildFile; fileRef = 66454B6F2FB72B34009E2DE3 /* Icon.png */; };
		66454BAC2FB72B35009E2DE3 /* Style.css in Resources */ = {isa = PBXBuildFile; fileRef = 66454B702FB72B34009E2DE3 /* Style.css */; };
		66454BAD2FB72B35009E2DE3 /* Style.css in Resources */ = {isa = PBXBuildFile; fileRef = 66454B702FB72B34009E2DE3 /* Style.css */; };
		66454BAE2FB72B35009E2DE3 /* Script.js in Resources */ = {isa = PBXBuildFile; fileRef = 66454B712FB72B34009E2DE3 /* Script.js */; };
		66454BAF2FB72B35009E2DE3 /* Script.js in Resources */ = {isa = PBXBuildFile; fileRef = 66454B712FB72B34009E2DE3 /* Script.js */; };
		66454BB02FB72B35009E2DE3 /* ViewController.swift in Sources */ = {isa = PBXBuildFile; fileRef = 66454B722FB72B34009E2DE3 /* ViewController.swift */; };
		66454BB12FB72B35009E2DE3 /* ViewController.swift in Sources */ = {isa = PBXBuildFile; fileRef = 66454B722FB72B34009E2DE3 /* ViewController.swift */; };
		66454BB22FB72B35009E2DE3 /* Assets.xcassets in Resources */ = {isa = PBXBuildFile; fileRef = 66454B732FB72B35009E2DE3 /* Assets.xcassets */; };
		66454BB32FB72B35009E2DE3 /* Assets.xcassets in Resources */ = {isa = PBXBuildFile; fileRef = 66454B732FB72B35009E2DE3 /* Assets.xcassets */; };
		66454BB42FB72B35009E2DE3 /* SafariWebExtensionHandler.swift in Sources */ = {isa = PBXBuildFile; fileRef = 66454B752FB72B35009E2DE3 /* SafariWebExtensionHandler.swift */; };
		66454BB52FB72B35009E2DE3 /* SafariWebExtensionHandler.swift in Sources */ = {isa = PBXBuildFile; fileRef = 66454B752FB72B35009E2DE3 /* SafariWebExtensionHandler.swift */; };
		F112001F205B500A96D3B916 /* Resources in Resources */ = {isa = PBXBuildFile; fileRef = 0692FC25F27451B48E37561E /* Resources */; };
/* End PBXBuildFile section */

/* Begin PBXContainerItemProxy section */
		66454B9A2FB72B35009E2DE3 /* PBXContainerItemProxy */ = {
			isa = PBXContainerItemProxy;
			containerPortal = 66454B672FB72B34009E2DE3 /* Project object */;
			proxyType = 1;
			remoteGlobalIDString = 66454B972FB72B35009E2DE3;
			remoteInfo = "To Recipient Warning Extension (iOS)";
		};
		66454BA42FB72B35009E2DE3 /* PBXContainerItemProxy */ = {
			isa = PBXContainerItemProxy;
			containerPortal = 66454B672FB72B34009E2DE3 /* Project object */;
			proxyType = 1;
			remoteGlobalIDString = 66454BA12FB72B35009E2DE3;
			remoteInfo = "To Recipient Warning Extension (macOS)";
		};
/* End PBXContainerItemProxy section */

/* Begin PBXCopyFilesBuildPhase section */
		66454BBB2FB72B35009E2DE3 /* Embed Foundation Extensions */ = {
			isa = PBXCopyFilesBuildPhase;
			buildActionMask = 2147483647;
			dstPath = "";
			dstSubfolderSpec = 13;
			files = (
				66454B992FB72B35009E2DE3 /* To Recipient Warning Extension.appex in Embed Foundation Extensions */,
			);
			name = "Embed Foundation Extensions";
			runOnlyForDeploymentPostprocessing = 0;
		};
		66454BC22FB72B35009E2DE3 /* Embed Foundation Extensions */ = {
			isa = PBXCopyFilesBuildPhase;
			buildActionMask = 2147483647;
			dstPath = "";
			dstSubfolderSpec = 13;
			files = (
				66454BA32FB72B35009E2DE3 /* To Recipient Warning Extension.appex in Embed Foundation Extensions */,
			);
			name = "Embed Foundation Extensions";
			runOnlyForDeploymentPostprocessing = 0;
		};
/* End PBXCopyFilesBuildPhase section */

/* Begin PBXFileReference section */
		0692FC25F27451B48E37561E /* Resources */ = {isa = PBXFileReference; lastKnownFileType = folder; name = Resources; path = "Shared (Extension)/Resources"; sourceTree = SOURCE_ROOT; };
		66454B6E2FB72B34009E2DE3 /* Base */ = {isa = PBXFileReference; lastKnownFileType = text.html; name = Base; path = Base.lproj/Main.html; sourceTree = "<group>"; };
		66454B6F2FB72B34009E2DE3 /* Icon.png */ = {isa = PBXFileReference; lastKnownFileType = image.png; path = Icon.png; sourceTree = "<group>"; };
		66454B702FB72B34009E2DE3 /* Style.css */ = {isa = PBXFileReference; lastKnownFileType = text.css; path = Style.css; sourceTree = "<group>"; };
		66454B712FB72B34009E2DE3 /* Script.js */ = {isa = PBXFileReference; lastKnownFileType = sourcecode.javascript; path = Script.js; sourceTree = "<group>"; };
		66454B722FB72B34009E2DE3 /* ViewController.swift */ = {isa = PBXFileReference; lastKnownFileType = sourcecode.swift; path = ViewController.swift; sourceTree = "<group>"; };
		66454B732FB72B35009E2DE3 /* Assets.xcassets */ = {isa = PBXFileReference; lastKnownFileType = folder.assetcatalog; path = Assets.xcassets; sourceTree = "<group>"; };
		66454B752FB72B35009E2DE3 /* SafariWebExtensionHandler.swift */ = {isa = PBXFileReference; lastKnownFileType = sourcecode.swift; path = SafariWebExtensionHandler.swift; sourceTree = "<group>"; };
		66454B7A2FB72B35009E2DE3 /* Gmail CC/To Recipient Warning.app */ = {isa = PBXFileReference; explicitFileType = wrapper.application; includeInIndex = 0; path = "Gmail CC/To Recipient Warning.app"; sourceTree = BUILT_PRODUCTS_DIR; };
		66454B7D2FB72B35009E2DE3 /* AppDelegate.swift */ = {isa = PBXFileReference; lastKnownFileType = sourcecode.swift; path = AppDelegate.swift; sourceTree = "<group>"; };
		66454B7F2FB72B35009E2DE3 /* SceneDelegate.swift */ = {isa = PBXFileReference; lastKnownFileType = sourcecode.swift; path = SceneDelegate.swift; sourceTree = "<group>"; };
		66454B822FB72B35009E2DE3 /* Base */ = {isa = PBXFileReference; lastKnownFileType = file.storyboard; name = Base; path = Base.lproj/LaunchScreen.storyboard; sourceTree = "<group>"; };
		66454B852FB72B35009E2DE3 /* Base */ = {isa = PBXFileReference; lastKnownFileType = file.storyboard; name = Base; path = Base.lproj/Main.storyboard; sourceTree = "<group>"; };
		66454B872FB72B35009E2DE3 /* Info.plist */ = {isa = PBXFileReference; lastKnownFileType = text.plist.xml; path = Info.plist; sourceTree = "<group>"; };
		66454B8C2FB72B35009E2DE3 /* Gmail CC/To Recipient Warning.app */ = {isa = PBXFileReference; explicitFileType = wrapper.application; includeInIndex = 0; path = "Gmail CC/To Recipient Warning.app"; sourceTree = BUILT_PRODUCTS_DIR; };
		66454B8E2FB72B35009E2DE3 /* AppDelegate.swift */ = {isa = PBXFileReference; lastKnownFileType = sourcecode.swift; path = AppDelegate.swift; sourceTree = "<group>"; };
		66454B912FB72B35009E2DE3 /* Base */ = {isa = PBXFileReference; lastKnownFileType = file.storyboard; name = Base; path = Base.lproj/Main.storyboard; sourceTree = "<group>"; };
		66454B932FB72B35009E2DE3 /* Info.plist */ = {isa = PBXFileReference; lastKnownFileType = text.plist.xml; path = Info.plist; sourceTree = "<group>"; };
		66454B982FB72B35009E2DE3 /* To Recipient Warning Extension.appex */ = {isa = PBXFileReference; explicitFileType = "wrapper.app-extension"; includeInIndex = 0; path = "To Recipient Warning Extension.appex"; sourceTree = BUILT_PRODUCTS_DIR; };
		66454B9D2FB72B35009E2DE3 /* Info.plist */ = {isa = PBXFileReference; lastKnownFileType = text.plist.xml; path = Info.plist; sourceTree = "<group>"; };
		66454BA22FB72B35009E2DE3 /* To Recipient Warning Extension.appex */ = {isa = PBXFileReference; explicitFileType = "wrapper.app-extension"; includeInIndex = 0; path = "To Recipient Warning Extension.appex"; sourceTree = BUILT_PRODUCTS_DIR; };
		66454BA72FB72B35009E2DE3 /* Info.plist */ = {isa = PBXFileReference; lastKnownFileType = text.plist.xml; path = Info.plist; sourceTree = "<group>"; };
/* End PBXFileReference section */

/* Begin PBXFrameworksBuildPhase section */
		66454B772FB72B35009E2DE3 /* Frameworks */ = {
			isa = PBXFrameworksBuildPhase;
			buildActionMask = 2147483647;
			files = (
			);
			runOnlyForDeploymentPostprocessing = 0;
		};
		66454B892FB72B35009E2DE3 /* Frameworks */ = {
			isa = PBXFrameworksBuildPhase;
			buildActionMask = 2147483647;
			files = (
			);
			runOnlyForDeploymentPostprocessing = 0;
		};
		66454B952FB72B35009E2DE3 /* Frameworks */ = {
			isa = PBXFrameworksBuildPhase;
			buildActionMask = 2147483647;
			files = (
			);
			runOnlyForDeploymentPostprocessing = 0;
		};
		66454B9F2FB72B35009E2DE3 /* Frameworks */ = {
			isa = PBXFrameworksBuildPhase;
			buildActionMask = 2147483647;
			files = (
			);
			runOnlyForDeploymentPostprocessing = 0;
		};
/* End PBXFrameworksBuildPhase section */

/* Begin PBXGroup section */
		66454B662FB72B34009E2DE3 = {
			isa = PBXGroup;
			children = (
				66454B6B2FB72B34009E2DE3 /* Shared (App) */,
				66454B742FB72B35009E2DE3 /* Shared (Extension) */,
				66454B7C2FB72B35009E2DE3 /* iOS (App) */,
				66454B8D2FB72B35009E2DE3 /* macOS (App) */,
				66454B9C2FB72B35009E2DE3 /* iOS (Extension) */,
				66454BA62FB72B35009E2DE3 /* macOS (Extension) */,
				66454B7B2FB72B35009E2DE3 /* Products */,
			);
			sourceTree = "<group>";
		};
		66454B6B2FB72B34009E2DE3 /* Shared (App) */ = {
			isa = PBXGroup;
			children = (
				66454B722FB72B34009E2DE3 /* ViewController.swift */,
				66454B732FB72B35009E2DE3 /* Assets.xcassets */,
				66454B6C2FB72B34009E2DE3 /* Resources */,
			);
			path = "Shared (App)";
			sourceTree = "<group>";
		};
		66454B6C2FB72B34009E2DE3 /* Resources */ = {
			isa = PBXGroup;
			children = (
				66454B6D2FB72B34009E2DE3 /* Main.html */,
				66454B6F2FB72B34009E2DE3 /* Icon.png */,
				66454B702FB72B34009E2DE3 /* Style.css */,
				66454B712FB72B34009E2DE3 /* Script.js */,
			);
			path = Resources;
			sourceTree = "<group>";
		};
		66454B742FB72B35009E2DE3 /* Shared (Extension) */ = {
			isa = PBXGroup;
			children = (
				66454BC62FB72B36009E2DE3 /* Resources */,
				66454B752FB72B35009E2DE3 /* SafariWebExtensionHandler.swift */,
			);
			path = "Shared (Extension)";
			sourceTree = "<group>";
		};
		66454B7B2FB72B35009E2DE3 /* Products */ = {
			isa = PBXGroup;
			children = (
				66454B7A2FB72B35009E2DE3 /* Gmail CC/To Recipient Warning.app */,
				66454B8C2FB72B35009E2DE3 /* Gmail CC/To Recipient Warning.app */,
				66454B982FB72B35009E2DE3 /* To Recipient Warning Extension.appex */,
				66454BA22FB72B35009E2DE3 /* To Recipient Warning Extension.appex */,
			);
			name = Products;
			sourceTree = "<group>";
		};
		66454B7C2FB72B35009E2DE3 /* iOS (App) */ = {
			isa = PBXGroup;
			children = (
				66454B7D2FB72B35009E2DE3 /* AppDelegate.swift */,
				66454B7F2FB72B35009E2DE3 /* SceneDelegate.swift */,
				66454B812FB72B35009E2DE3 /* LaunchScreen.storyboard */,
				66454B842FB72B35009E2DE3 /* Main.storyboard */,
				66454B872FB72B35009E2DE3 /* Info.plist */,
			);
			path = "iOS (App)";
			sourceTree = "<group>";
		};
		66454B8D2FB72B35009E2DE3 /* macOS (App) */ = {
			isa = PBXGroup;
			children = (
				66454B8E2FB72B35009E2DE3 /* AppDelegate.swift */,
				66454B902FB72B35009E2DE3 /* Main.storyboard */,
				66454B932FB72B35009E2DE3 /* Info.plist */,
			);
			path = "macOS (App)";
			sourceTree = "<group>";
		};
		66454B9C2FB72B35009E2DE3 /* iOS (Extension) */ = {
			isa = PBXGroup;
			children = (
				66454B9D2FB72B35009E2DE3 /* Info.plist */,
			);
			path = "iOS (Extension)";
			sourceTree = "<group>";
		};
		66454BA62FB72B35009E2DE3 /* macOS (Extension) */ = {
			isa = PBXGroup;
			children = (
				66454BA72FB72B35009E2DE3 /* Info.plist */,
			);
			path = "macOS (Extension)";
			sourceTree = "<group>";
		};
		66454BC62FB72B36009E2DE3 /* Resources */ = {
			isa = PBXGroup;
			children = (
				0692FC25F27451B48E37561E /* Resources */,
			);
			name = Resources;
			path = "Shared (Extension)";
			sourceTree = SOURCE_ROOT;
		};
/* End PBXGroup section */

/* Begin PBXNativeTarget section */
		66454B792FB72B35009E2DE3 /* To Recipient Warning (iOS) */ = {
			isa = PBXNativeTarget;
			buildConfigurationList = 66454BBC2FB72B35009E2DE3 /* Build configuration list for PBXNativeTarget "To Recipient Warning (iOS)" */;
			buildPhases = (
				66454B762FB72B35009E2DE3 /* Sources */,
				66454B772FB72B35009E2DE3 /* Frameworks */,
				66454B782FB72B35009E2DE3 /* Resources */,
				66454BBB2FB72B35009E2DE3 /* Embed Foundation Extensions */,
			);
			buildRules = (
			);
			dependencies = (
				66454B9B2FB72B35009E2DE3 /* PBXTargetDependency */,
			);
			name = "To Recipient Warning (iOS)";
			packageProductDependencies = (
			);
			productName = "To Recipient Warning (iOS)";
			productReference = 66454B7A2FB72B35009E2DE3 /* Gmail CC/To Recipient Warning.app */;
			productType = "com.apple.product-type.application";
		};
		66454B8B2FB72B35009E2DE3 /* To Recipient Warning (macOS) */ = {
			isa = PBXNativeTarget;
			buildConfigurationList = 66454BC32FB72B35009E2DE3 /* Build configuration list for PBXNativeTarget "To Recipient Warning (macOS)" */;
			buildPhases = (
				66454B882FB72B35009E2DE3 /* Sources */,
				66454B892FB72B35009E2DE3 /* Frameworks */,
				66454B8A2FB72B35009E2DE3 /* Resources */,
				66454BC22FB72B35009E2DE3 /* Embed Foundation Extensions */,
			);
			buildRules = (
			);
			dependencies = (
				66454BA52FB72B35009E2DE3 /* PBXTargetDependency */,
			);
			name = "To Recipient Warning (macOS)";
			packageProductDependencies = (
			);
			productName = "To Recipient Warning (macOS)";
			productReference = 66454B8C2FB72B35009E2DE3 /* Gmail CC/To Recipient Warning.app */;
			productType = "com.apple.product-type.application";
		};
		66454B972FB72B35009E2DE3 /* To Recipient Warning Extension (iOS) */ = {
			isa = PBXNativeTarget;
			buildConfigurationList = 66454BB82FB72B35009E2DE3 /* Build configuration list for PBXNativeTarget "To Recipient Warning Extension (iOS)" */;
			buildPhases = (
				66454B942FB72B35009E2DE3 /* Sources */,
				66454B952FB72B35009E2DE3 /* Frameworks */,
				66454B962FB72B35009E2DE3 /* Resources */,
				03049BE137F95CCC86362F46 /* Copy Web Extension Resources */,
			);
			buildRules = (
			);
			dependencies = (
			);
			name = "To Recipient Warning Extension (iOS)";
			packageProductDependencies = (
			);
			productName = "To Recipient Warning Extension (iOS)";
			productReference = 66454B982FB72B35009E2DE3 /* To Recipient Warning Extension.appex */;
			productType = "com.apple.product-type.app-extension";
		};
		66454BA12FB72B35009E2DE3 /* To Recipient Warning Extension (macOS) */ = {
			isa = PBXNativeTarget;
			buildConfigurationList = 66454BBF2FB72B35009E2DE3 /* Build configuration list for PBXNativeTarget "To Recipient Warning Extension (macOS)" */;
			buildPhases = (
				66454B9E2FB72B35009E2DE3 /* Sources */,
				66454B9F2FB72B35009E2DE3 /* Frameworks */,
				66454BA02FB72B35009E2DE3 /* Resources */,
				4E23792E373F56D2A4499C5A /* Copy Web Extension Resources */,
			);
			buildRules = (
			);
			dependencies = (
			);
			name = "To Recipient Warning Extension (macOS)";
			packageProductDependencies = (
			);
			productName = "To Recipient Warning Extension (macOS)";
			productReference = 66454BA22FB72B35009E2DE3 /* To Recipient Warning Extension.appex */;
			productType = "com.apple.product-type.app-extension";
		};
/* End PBXNativeTarget section */

/* Begin PBXProject section */
		66454B672FB72B34009E2DE3 /* Project object */ = {
			isa = PBXProject;
			attributes = {
				BuildIndependentTargetsInParallel = 1;
				LastSwiftUpdateCheck = 2650;
				LastUpgradeCheck = 2650;
				TargetAttributes = {
					66454B792FB72B35009E2DE3 = {
						CreatedOnToolsVersion = 26.5;
					};
					66454B8B2FB72B35009E2DE3 = {
						CreatedOnToolsVersion = 26.5;
					};
					66454B972FB72B35009E2DE3 = {
						CreatedOnToolsVersion = 26.5;
					};
					66454BA12FB72B35009E2DE3 = {
						CreatedOnToolsVersion = 26.5;
					};
				};
			};
			buildConfigurationList = 66454B6A2FB72B34009E2DE3 /* Build configuration list for PBXProject "To Recipient Warning" */;
			developmentRegion = en;
			hasScannedForEncodings = 0;
			knownRegions = (
				en,
				Base,
			);
			mainGroup = 66454B662FB72B34009E2DE3;
			minimizedProjectReferenceProxies = 1;
			preferredProjectObjectVersion = 77;
			productRefGroup = 66454B7B2FB72B35009E2DE3 /* Products */;
			projectDirPath = "";
			projectRoot = "";
			targets = (
				66454B792FB72B35009E2DE3 /* To Recipient Warning (iOS) */,
				66454B8B2FB72B35009E2DE3 /* To Recipient Warning (macOS) */,
				66454B972FB72B35009E2DE3 /* To Recipient Warning Extension (iOS) */,
				66454BA12FB72B35009E2DE3 /* To Recipient Warning Extension (macOS) */,
			);
		};
/* End PBXProject section */

/* Begin PBXResourcesBuildPhase section */
		66454B782FB72B35009E2DE3 /* Resources */ = {
			isa = PBXResourcesBuildPhase;
			buildActionMask = 2147483647;
			files = (
				66454BAA2FB72B35009E2DE3 /* Icon.png in Resources */,
				66454B832FB72B35009E2DE3 /* LaunchScreen.storyboard in Resources */,
				66454BA82FB72B35009E2DE3 /* Main.html in Resources */,
				66454BAE2FB72B35009E2DE3 /* Script.js in Resources */,
				66454BB22FB72B35009E2DE3 /* Assets.xcassets in Resources */,
				66454B862FB72B35009E2DE3 /* Main.storyboard in Resources */,
				66454BAC2FB72B35009E2DE3 /* Style.css in Resources */,
			);
			runOnlyForDeploymentPostprocessing = 0;
		};
		66454B8A2FB72B35009E2DE3 /* Resources */ = {
			isa = PBXResourcesBuildPhase;
			buildActionMask = 2147483647;
			files = (
				66454BAB2FB72B35009E2DE3 /* Icon.png in Resources */,
				66454BAD2FB72B35009E2DE3 /* Style.css in Resources */,
				66454B922FB72B35009E2DE3 /* Main.storyboard in Resources */,
				66454BAF2FB72B35009E2DE3 /* Script.js in Resources */,
				66454BB32FB72B35009E2DE3 /* Assets.xcassets in Resources */,
				66454BA92FB72B35009E2DE3 /* Main.html in Resources */,
			);
			runOnlyForDeploymentPostprocessing = 0;
		};
		66454B962FB72B35009E2DE3 /* Resources */ = {
			isa = PBXResourcesBuildPhase;
			buildActionMask = 2147483647;
			files = (
			);
			runOnlyForDeploymentPostprocessing = 0;
		};
		66454BA02FB72B35009E2DE3 /* Resources */ = {
			isa = PBXResourcesBuildPhase;
			buildActionMask = 2147483647;
			files = (
			);
			runOnlyForDeploymentPostprocessing = 0;
		};
/* End PBXResourcesBuildPhase section */

/* Begin PBXSourcesBuildPhase section */
		66454B762FB72B35009E2DE3 /* Sources */ = {
			isa = PBXSourcesBuildPhase;
			buildActionMask = 2147483647;
			files = (
				66454BB02FB72B35009E2DE3 /* ViewController.swift in Sources */,
				66454B7E2FB72B35009E2DE3 /* AppDelegate.swift in Sources */,
				66454B802FB72B35009E2DE3 /* SceneDelegate.swift in Sources */,
			);
			runOnlyForDeploymentPostprocessing = 0;
		};
		66454B882FB72B35009E2DE3 /* Sources */ = {
			isa = PBXSourcesBuildPhase;
			buildActionMask = 2147483647;
			files = (
				66454BB12FB72B35009E2DE3 /* ViewController.swift in Sources */,
				66454B8F2FB72B35009E2DE3 /* AppDelegate.swift in Sources */,
			);
			runOnlyForDeploymentPostprocessing = 0;
		};
		66454B942FB72B35009E2DE3 /* Sources */ = {
			isa = PBXSourcesBuildPhase;
			buildActionMask = 2147483647;
			files = (
				66454BB42FB72B35009E2DE3 /* SafariWebExtensionHandler.swift in Sources */,
			);
			runOnlyForDeploymentPostprocessing = 0;
		};
		66454B9E2FB72B35009E2DE3 /* Sources */ = {
			isa = PBXSourcesBuildPhase;
			buildActionMask = 2147483647;
			files = (
				66454BB52FB72B35009E2DE3 /* SafariWebExtensionHandler.swift in Sources */,
			);
			runOnlyForDeploymentPostprocessing = 0;
		};
/* End PBXSourcesBuildPhase section */

/* Begin PBXShellScriptBuildPhase section */
		03049BE137F95CCC86362F46 /* Copy Web Extension Resources */ = {
			isa = PBXShellScriptBuildPhase;
			buildActionMask = 2147483647;
			files = (
			);
			inputPaths = (
				"$(SRCROOT)/Shared (Extension)/Resources",
			);
			name = "Copy Web Extension Resources";
			outputPaths = (
				"$(BUILT_PRODUCTS_DIR)/$(CONTENTS_FOLDER_PATH)/Resources/manifest.json",
			);
			runOnlyForDeploymentPostprocessing = 0;
			shellPath = /bin/sh;
			shellScript = "rsync -av \"${SRCROOT}/Shared (Extension)/Resources/\" \"${BUILT_PRODUCTS_DIR}/${CONTENTS_FOLDER_PATH}/Resources/\"";
		};
		4E23792E373F56D2A4499C5A /* Copy Web Extension Resources */ = {
			isa = PBXShellScriptBuildPhase;
			buildActionMask = 2147483647;
			files = (
			);
			inputPaths = (
				"$(SRCROOT)/Shared (Extension)/Resources",
			);
			name = "Copy Web Extension Resources";
			outputPaths = (
				"$(BUILT_PRODUCTS_DIR)/$(CONTENTS_FOLDER_PATH)/Resources/manifest.json",
			);
			runOnlyForDeploymentPostprocessing = 0;
			shellPath = /bin/sh;
			shellScript = "rsync -av \"${SRCROOT}/Shared (Extension)/Resources/\" \"${BUILT_PRODUCTS_DIR}/${CONTENTS_FOLDER_PATH}/Resources/\"";
		};
/* End PBXShellScriptBuildPhase section */

/* Begin PBXTargetDependency section */
		66454B9B2FB72B35009E2DE3 /* PBXTargetDependency */ = {
			isa = PBXTargetDependency;
			target = 66454B972FB72B35009E2DE3 /* To Recipient Warning Extension (iOS) */;
			targetProxy = 66454B9A2FB72B35009E2DE3 /* PBXContainerItemProxy */;
		};
		66454BA52FB72B35009E2DE3 /* PBXTargetDependency */ = {
			isa = PBXTargetDependency;
			target = 66454BA12FB72B35009E2DE3 /* To Recipient Warning Extension (macOS) */;
			targetProxy = 66454BA42FB72B35009E2DE3 /* PBXContainerItemProxy */;
		};
/* End PBXTargetDependency section */

/* Begin PBXVariantGroup section */
		66454B6D2FB72B34009E2DE3 /* Main.html */ = {
			isa = PBXVariantGroup;
			children = (
				66454B6E2FB72B34009E2DE3 /* Base */,
			);
			name = Main.html;
			sourceTree = "<group>";
		};
		66454B812FB72B35009E2DE3 /* LaunchScreen.storyboard */ = {
			isa = PBXVariantGroup;
			children = (
				66454B822FB72B35009E2DE3 /* Base */,
			);
			name = LaunchScreen.storyboard;
			sourceTree = "<group>";
		};
		66454B842FB72B35009E2DE3 /* Main.storyboard */ = {
			isa = PBXVariantGroup;
			children = (
				66454B852FB72B35009E2DE3 /* Base */,
			);
			name = Main.storyboard;
			sourceTree = "<group>";
		};
		66454B902FB72B35009E2DE3 /* Main.storyboard */ = {
			isa = PBXVariantGroup;
			children = (
				66454B912FB72B35009E2DE3 /* Base */,
			);
			name = Main.storyboard;
			sourceTree = "<group>";
		};
/* End PBXVariantGroup section */

/* Begin XCBuildConfiguration section */
		66454BB62FB72B35009E2DE3 /* Debug */ = {
			isa = XCBuildConfiguration;
			buildSettings = {
				ALWAYS_SEARCH_USER_PATHS = NO;
				ASSETCATALOG_COMPILER_GENERATE_SWIFT_ASSET_SYMBOL_EXTENSIONS = YES;
				CLANG_ANALYZER_NONNULL = YES;
				CLANG_ANALYZER_NUMBER_OBJECT_CONVERSION = YES_AGGRESSIVE;
				CLANG_CXX_LANGUAGE_STANDARD = "gnu++20";
				CLANG_ENABLE_MODULES = YES;
				CLANG_ENABLE_OBJC_ARC = YES;
				CLANG_ENABLE_OBJC_WEAK = YES;
				CLANG_WARN_BLOCK_CAPTURE_AUTORELEASING = YES;
				CLANG_WARN_BOOL_CONVERSION = YES;
				CLANG_WARN_COMMA = YES;
				CLANG_WARN_CONSTANT_CONVERSION = YES;
				CLANG_WARN_DEPRECATED_OBJC_IMPLEMENTATIONS = YES;
				CLANG_WARN_DIRECT_OBJC_ISA_USAGE = YES_ERROR;
				CLANG_WARN_DOCUMENTATION_COMMENTS = YES;
				CLANG_WARN_EMPTY_BODY = YES;
				CLANG_WARN_ENUM_CONVERSION = YES;
				CLANG_WARN_INFINITE_RECURSION = YES;
				CLANG_WARN_INT_CONVERSION = YES;
				CLANG_WARN_NON_LITERAL_NULL_CONVERSION = YES;
				CLANG_WARN_OBJC_IMPLICIT_RETAIN_SELF = YES;
				CLANG_WARN_OBJC_LITERAL_CONVERSION = YES;
				CLANG_WARN_OBJC_ROOT_CLASS = YES_ERROR;
				CLANG_WARN_QUOTED_INCLUDE_IN_FRAMEWORK_HEADER = YES;
				CLANG_WARN_RANGE_LOOP_ANALYSIS = YES;
				CLANG_WARN_STRICT_PROTOTYPES = YES;
				CLANG_WARN_SUSPICIOUS_MOVE = YES;
				CLANG_WARN_UNGUARDED_AVAILABILITY = YES_AGGRESSIVE;
				CLANG_WARN_UNREACHABLE_CODE = YES;
				CLANG_WARN__DUPLICATE_METHOD_MATCH = YES;
				COPY_PHASE_STRIP = NO;
				DEBUG_INFORMATION_FORMAT = dwarf;
				ENABLE_STRICT_OBJC_MSGSEND = YES;
				ENABLE_TESTABILITY = YES;
				ENABLE_USER_SCRIPT_SANDBOXING = NO;
				GCC_C_LANGUAGE_STANDARD = gnu17;
				GCC_DYNAMIC_NO_PIC = NO;
				GCC_NO_COMMON_BLOCKS = YES;
				GCC_OPTIMIZATION_LEVEL = 0;
				GCC_PREPROCESSOR_DEFINITIONS = (
					"DEBUG=1",
					"$(inherited)",
				);
				GCC_WARN_64_TO_32_BIT_CONVERSION = YES;
				GCC_WARN_ABOUT_RETURN_TYPE = YES_ERROR;
				GCC_WARN_UNDECLARED_SELECTOR = YES;
				GCC_WARN_UNINITIALIZED_AUTOS = YES_AGGRESSIVE;
				GCC_WARN_UNUSED_FUNCTION = YES;
				GCC_WARN_UNUSED_VARIABLE = YES;
				LOCALIZATION_PREFERS_STRING_CATALOGS = YES;
				MTL_ENABLE_DEBUG_INFO = INCLUDE_SOURCE;
				MTL_FAST_MATH = YES;
				ONLY_ACTIVE_ARCH = YES;
				SWIFT_ACTIVE_COMPILATION_CONDITIONS = "DEBUG $(inherited)";
				SWIFT_OPTIMIZATION_LEVEL = "-Onone";
			};
			name = Debug;
		};
		66454BB72FB72B35009E2DE3 /* Release */ = {
			isa = XCBuildConfiguration;
			buildSettings = {
				ALWAYS_SEARCH_USER_PATHS = NO;
				ASSETCATALOG_COMPILER_GENERATE_SWIFT_ASSET_SYMBOL_EXTENSIONS = YES;
				CLANG_ANALYZER_NONNULL = YES;
				CLANG_ANALYZER_NUMBER_OBJECT_CONVERSION = YES_AGGRESSIVE;
				CLANG_CXX_LANGUAGE_STANDARD = "gnu++20";
				CLANG_ENABLE_MODULES = YES;
				CLANG_ENABLE_OBJC_ARC = YES;
				CLANG_ENABLE_OBJC_WEAK = YES;
				CLANG_WARN_BLOCK_CAPTURE_AUTORELEASING = YES;
				CLANG_WARN_BOOL_CONVERSION = YES;
				CLANG_WARN_COMMA = YES;
				CLANG_WARN_CONSTANT_CONVERSION = YES;
				CLANG_WARN_DEPRECATED_OBJC_IMPLEMENTATIONS = YES;
				CLANG_WARN_DIRECT_OBJC_ISA_USAGE = YES_ERROR;
				CLANG_WARN_DOCUMENTATION_COMMENTS = YES;
				CLANG_WARN_EMPTY_BODY = YES;
				CLANG_WARN_ENUM_CONVERSION = YES;
				CLANG_WARN_INFINITE_RECURSION = YES;
				CLANG_WARN_INT_CONVERSION = YES;
				CLANG_WARN_NON_LITERAL_NULL_CONVERSION = YES;
				CLANG_WARN_OBJC_IMPLICIT_RETAIN_SELF = YES;
				CLANG_WARN_OBJC_LITERAL_CONVERSION = YES;
				CLANG_WARN_OBJC_ROOT_CLASS = YES_ERROR;
				CLANG_WARN_QUOTED_INCLUDE_IN_FRAMEWORK_HEADER = YES;
				CLANG_WARN_RANGE_LOOP_ANALYSIS = YES;
				CLANG_WARN_STRICT_PROTOTYPES = YES;
				CLANG_WARN_SUSPICIOUS_MOVE = YES;
				CLANG_WARN_UNGUARDED_AVAILABILITY = YES_AGGRESSIVE;
				CLANG_WARN_UNREACHABLE_CODE = YES;
				CLANG_WARN__DUPLICATE_METHOD_MATCH = YES;
				COPY_PHASE_STRIP = NO;
				DEBUG_INFORMATION_FORMAT = "dwarf-with-dsym";
				ENABLE_NS_ASSERTIONS = NO;
				ENABLE_STRICT_OBJC_MSGSEND = YES;
				ENABLE_USER_SCRIPT_SANDBOXING = NO;
				GCC_C_LANGUAGE_STANDARD = gnu17;
				GCC_NO_COMMON_BLOCKS = YES;
				GCC_WARN_64_TO_32_BIT_CONVERSION = YES;
				GCC_WARN_ABOUT_RETURN_TYPE = YES_ERROR;
				GCC_WARN_UNDECLARED_SELECTOR = YES;
				GCC_WARN_UNINITIALIZED_AUTOS = YES_AGGRESSIVE;
				GCC_WARN_UNUSED_FUNCTION = YES;
				GCC_WARN_UNUSED_VARIABLE = YES;
				LOCALIZATION_PREFERS_STRING_CATALOGS = YES;
				MTL_ENABLE_DEBUG_INFO = NO;
				MTL_FAST_MATH = YES;
				SWIFT_COMPILATION_MODE = wholemodule;
			};
			name = Release;
		};
		66454BB92FB72B35009E2DE3 /* Debug */ = {
			isa = XCBuildConfiguration;
			buildSettings = {
				CODE_SIGN_STYLE = Automatic;
				CURRENT_PROJECT_VERSION = 1;
				DEVELOPMENT_TEAM = 4DLX77NUK4;
				GENERATE_INFOPLIST_FILE = YES;
				INFOPLIST_FILE = "iOS (Extension)/Info.plist";
				INFOPLIST_KEY_CFBundleDisplayName = "To Recipient Warning Extension";
				INFOPLIST_KEY_NSHumanReadableCopyright = "";
				IPHONEOS_DEPLOYMENT_TARGET = 15.0;
				LD_RUNPATH_SEARCH_PATHS = (
					"$(inherited)",
					"@executable_path/Frameworks",
					"@executable_path/../../Frameworks",
				);
				MARKETING_VERSION = 1.0;
				OTHER_LDFLAGS = (
					"-framework",
					SafariServices,
				);
				PRODUCT_BUNDLE_IDENTIFIER = dev.adamyonk.gmailccwarn.Extension;
				PRODUCT_NAME = "To Recipient Warning Extension";
				SDKROOT = iphoneos;
				SKIP_INSTALL = YES;
				STRING_CATALOG_GENERATE_SYMBOLS = YES;
				SWIFT_APPROACHABLE_CONCURRENCY = YES;
				SWIFT_EMIT_LOC_STRINGS = YES;
				SWIFT_UPCOMING_FEATURE_MEMBER_IMPORT_VISIBILITY = YES;
				SWIFT_VERSION = 5.0;
				TARGETED_DEVICE_FAMILY = "1,2";
			};
			name = Debug;
		};
		66454BBA2FB72B35009E2DE3 /* Release */ = {
			isa = XCBuildConfiguration;
			buildSettings = {
				CODE_SIGN_STYLE = Automatic;
				CURRENT_PROJECT_VERSION = 1;
				DEVELOPMENT_TEAM = 4DLX77NUK4;
				GENERATE_INFOPLIST_FILE = YES;
				INFOPLIST_FILE = "iOS (Extension)/Info.plist";
				INFOPLIST_KEY_CFBundleDisplayName = "To Recipient Warning Extension";
				INFOPLIST_KEY_NSHumanReadableCopyright = "";
				IPHONEOS_DEPLOYMENT_TARGET = 15.0;
				LD_RUNPATH_SEARCH_PATHS = (
					"$(inherited)",
					"@executable_path/Frameworks",
					"@executable_path/../../Frameworks",
				);
				MARKETING_VERSION = 1.0;
				OTHER_LDFLAGS = (
					"-framework",
					SafariServices,
				);
				PRODUCT_BUNDLE_IDENTIFIER = dev.adamyonk.gmailccwarn.Extension;
				PRODUCT_NAME = "To Recipient Warning Extension";
				SDKROOT = iphoneos;
				SKIP_INSTALL = YES;
				STRING_CATALOG_GENERATE_SYMBOLS = YES;
				SWIFT_APPROACHABLE_CONCURRENCY = YES;
				SWIFT_EMIT_LOC_STRINGS = YES;
				SWIFT_UPCOMING_FEATURE_MEMBER_IMPORT_VISIBILITY = YES;
				SWIFT_VERSION = 5.0;
				TARGETED_DEVICE_FAMILY = "1,2";
				VALIDATE_PRODUCT = YES;
			};
			name = Release;
		};
		66454BBD2FB72B35009E2DE3 /* Debug */ = {
			isa = XCBuildConfiguration;
			buildSettings = {
				ASSETCATALOG_COMPILER_APPICON_NAME = AppIcon;
				ASSETCATALOG_COMPILER_GLOBAL_ACCENT_COLOR_NAME = AccentColor;
				CODE_SIGN_STYLE = Automatic;
				CURRENT_PROJECT_VERSION = 1;
				DEVELOPMENT_TEAM = 4DLX77NUK4;
				GENERATE_INFOPLIST_FILE = YES;
				INFOPLIST_FILE = "iOS (App)/Info.plist";
				INFOPLIST_KEY_CFBundleDisplayName = "To Recipient Warning";
				INFOPLIST_KEY_UIApplicationSupportsIndirectInputEvents = YES;
				INFOPLIST_KEY_UILaunchStoryboardName = LaunchScreen;
				INFOPLIST_KEY_UIMainStoryboardFile = Main;
				INFOPLIST_KEY_UISupportedInterfaceOrientations = "UIInterfaceOrientationPortrait UIInterfaceOrientationLandscapeLeft UIInterfaceOrientationLandscapeRight";
				INFOPLIST_KEY_UISupportedInterfaceOrientations_iPad = "UIInterfaceOrientationPortrait UIInterfaceOrientationPortraitUpsideDown UIInterfaceOrientationLandscapeLeft UIInterfaceOrientationLandscapeRight";
				IPHONEOS_DEPLOYMENT_TARGET = 15.0;
				LD_RUNPATH_SEARCH_PATHS = (
					"$(inherited)",
					"@executable_path/Frameworks",
				);
				MARKETING_VERSION = 1.0;
				OTHER_LDFLAGS = (
					"-framework",
					SafariServices,
					"-framework",
					WebKit,
				);
				PRODUCT_BUNDLE_IDENTIFIER = dev.adamyonk.gmailccwarn;
				PRODUCT_NAME = "To Recipient Warning";
				SDKROOT = iphoneos;
				STRING_CATALOG_GENERATE_SYMBOLS = YES;
				SWIFT_APPROACHABLE_CONCURRENCY = YES;
				SWIFT_DEFAULT_ACTOR_ISOLATION = MainActor;
				SWIFT_EMIT_LOC_STRINGS = YES;
				SWIFT_UPCOMING_FEATURE_MEMBER_IMPORT_VISIBILITY = YES;
				SWIFT_VERSION = 5.0;
				TARGETED_DEVICE_FAMILY = "1,2";
			};
			name = Debug;
		};
		66454BBE2FB72B35009E2DE3 /* Release */ = {
			isa = XCBuildConfiguration;
			buildSettings = {
				ASSETCATALOG_COMPILER_APPICON_NAME = AppIcon;
				ASSETCATALOG_COMPILER_GLOBAL_ACCENT_COLOR_NAME = AccentColor;
				CODE_SIGN_STYLE = Automatic;
				CURRENT_PROJECT_VERSION = 1;
				DEVELOPMENT_TEAM = 4DLX77NUK4;
				GENERATE_INFOPLIST_FILE = YES;
				INFOPLIST_FILE = "iOS (App)/Info.plist";
				INFOPLIST_KEY_CFBundleDisplayName = "To Recipient Warning";
				INFOPLIST_KEY_UIApplicationSupportsIndirectInputEvents = YES;
				INFOPLIST_KEY_UILaunchStoryboardName = LaunchScreen;
				INFOPLIST_KEY_UIMainStoryboardFile = Main;
				INFOPLIST_KEY_UISupportedInterfaceOrientations = "UIInterfaceOrientationPortrait UIInterfaceOrientationLandscapeLeft UIInterfaceOrientationLandscapeRight";
				INFOPLIST_KEY_UISupportedInterfaceOrientations_iPad = "UIInterfaceOrientationPortrait UIInterfaceOrientationPortraitUpsideDown UIInterfaceOrientationLandscapeLeft UIInterfaceOrientationLandscapeRight";
				IPHONEOS_DEPLOYMENT_TARGET = 15.0;
				LD_RUNPATH_SEARCH_PATHS = (
					"$(inherited)",
					"@executable_path/Frameworks",
				);
				MARKETING_VERSION = 1.0;
				OTHER_LDFLAGS = (
					"-framework",
					SafariServices,
					"-framework",
					WebKit,
				);
				PRODUCT_BUNDLE_IDENTIFIER = dev.adamyonk.gmailccwarn;
				PRODUCT_NAME = "To Recipient Warning";
				SDKROOT = iphoneos;
				STRING_CATALOG_GENERATE_SYMBOLS = YES;
				SWIFT_APPROACHABLE_CONCURRENCY = YES;
				SWIFT_DEFAULT_ACTOR_ISOLATION = MainActor;
				SWIFT_EMIT_LOC_STRINGS = YES;
				SWIFT_UPCOMING_FEATURE_MEMBER_IMPORT_VISIBILITY = YES;
				SWIFT_VERSION = 5.0;
				TARGETED_DEVICE_FAMILY = "1,2";
				VALIDATE_PRODUCT = YES;
			};
			name = Release;
		};
		66454BC02FB72B35009E2DE3 /* Debug */ = {
			isa = XCBuildConfiguration;
			buildSettings = {
				"CODE_SIGN_IDENTITY[sdk=macosx*]" = "Apple Development";
				CODE_SIGN_STYLE = Automatic;
				CURRENT_PROJECT_VERSION = 1;
				DEVELOPMENT_TEAM = 4DLX77NUK4;
				ENABLE_APP_SANDBOX = YES;
				ENABLE_HARDENED_RUNTIME = NO;
				GENERATE_INFOPLIST_FILE = YES;
				INFOPLIST_FILE = "macOS (Extension)/Info.plist";
				INFOPLIST_KEY_CFBundleDisplayName = "To Recipient Warning Extension";
				INFOPLIST_KEY_NSHumanReadableCopyright = "";
				LD_RUNPATH_SEARCH_PATHS = (
					"$(inherited)",
					"@executable_path/../Frameworks",
					"@executable_path/../../../../Frameworks",
				);
				MACOSX_DEPLOYMENT_TARGET = 10.14;
				MARKETING_VERSION = 1.0;
				OTHER_LDFLAGS = (
					"-framework",
					SafariServices,
				);
				PRODUCT_BUNDLE_IDENTIFIER = dev.adamyonk.gmailccwarn.Extension;
				PRODUCT_NAME = "To Recipient Warning Extension";
				SDKROOT = macosx;
				SKIP_INSTALL = YES;
				STRING_CATALOG_GENERATE_SYMBOLS = YES;
				SWIFT_APPROACHABLE_CONCURRENCY = YES;
				SWIFT_EMIT_LOC_STRINGS = YES;
				SWIFT_UPCOMING_FEATURE_MEMBER_IMPORT_VISIBILITY = YES;
				SWIFT_VERSION = 5.0;
			};
			name = Debug;
		};
		66454BC12FB72B35009E2DE3 /* Release */ = {
			isa = XCBuildConfiguration;
			buildSettings = {
				"CODE_SIGN_IDENTITY[sdk=macosx*]" = "Apple Development";
				CODE_SIGN_STYLE = Automatic;
				CURRENT_PROJECT_VERSION = 1;
				DEVELOPMENT_TEAM = 4DLX77NUK4;
				ENABLE_APP_SANDBOX = YES;
				ENABLE_HARDENED_RUNTIME = NO;
				GENERATE_INFOPLIST_FILE = YES;
				INFOPLIST_FILE = "macOS (Extension)/Info.plist";
				INFOPLIST_KEY_CFBundleDisplayName = "To Recipient Warning Extension";
				INFOPLIST_KEY_NSHumanReadableCopyright = "";
				LD_RUNPATH_SEARCH_PATHS = (
					"$(inherited)",
					"@executable_path/../Frameworks",
					"@executable_path/../../../../Frameworks",
				);
				MACOSX_DEPLOYMENT_TARGET = 10.14;
				MARKETING_VERSION = 1.0;
				OTHER_LDFLAGS = (
					"-framework",
					SafariServices,
				);
				PRODUCT_BUNDLE_IDENTIFIER = dev.adamyonk.gmailccwarn.Extension;
				PRODUCT_NAME = "To Recipient Warning Extension";
				SDKROOT = macosx;
				SKIP_INSTALL = YES;
				STRING_CATALOG_GENERATE_SYMBOLS = YES;
				SWIFT_APPROACHABLE_CONCURRENCY = YES;
				SWIFT_EMIT_LOC_STRINGS = YES;
				SWIFT_UPCOMING_FEATURE_MEMBER_IMPORT_VISIBILITY = YES;
				SWIFT_VERSION = 5.0;
			};
			name = Release;
		};
		66454BC42FB72B35009E2DE3 /* Debug */ = {
			isa = XCBuildConfiguration;
			buildSettings = {
				ASSETCATALOG_COMPILER_APPICON_NAME = AppIcon;
				ASSETCATALOG_COMPILER_GLOBAL_ACCENT_COLOR_NAME = AccentColor;
				"CODE_SIGN_IDENTITY[sdk=macosx*]" = "Apple Development";
				CODE_SIGN_STYLE = Automatic;
				CURRENT_PROJECT_VERSION = 1;
				DEVELOPMENT_TEAM = 4DLX77NUK4;
				ENABLE_APP_SANDBOX = NO;
				ENABLE_HARDENED_RUNTIME = NO;
				GENERATE_INFOPLIST_FILE = YES;
				INFOPLIST_FILE = "macOS (App)/Info.plist";
				INFOPLIST_KEY_CFBundleDisplayName = "To Recipient Warning";
				INFOPLIST_KEY_NSMainStoryboardFile = Main;
				INFOPLIST_KEY_NSPrincipalClass = NSApplication;
				LD_RUNPATH_SEARCH_PATHS = (
					"$(inherited)",
					"@executable_path/../Frameworks",
				);
				MACOSX_DEPLOYMENT_TARGET = 10.14;
				MARKETING_VERSION = 1.0;
				OTHER_LDFLAGS = (
					"-framework",
					SafariServices,
					"-framework",
					WebKit,
				);
				PRODUCT_BUNDLE_IDENTIFIER = dev.adamyonk.gmailccwarn;
				PRODUCT_NAME = "To Recipient Warning";
				REGISTER_APP_GROUPS = YES;
				SDKROOT = macosx;
				STRING_CATALOG_GENERATE_SYMBOLS = YES;
				SWIFT_APPROACHABLE_CONCURRENCY = YES;
				SWIFT_DEFAULT_ACTOR_ISOLATION = MainActor;
				SWIFT_EMIT_LOC_STRINGS = YES;
				SWIFT_UPCOMING_FEATURE_MEMBER_IMPORT_VISIBILITY = YES;
				SWIFT_VERSION = 5.0;
			};
			name = Debug;
		};
		66454BC52FB72B35009E2DE3 /* Release */ = {
			isa = XCBuildConfiguration;
			buildSettings = {
				ASSETCATALOG_COMPILER_APPICON_NAME = AppIcon;
				ASSETCATALOG_COMPILER_GLOBAL_ACCENT_COLOR_NAME = AccentColor;
				"CODE_SIGN_IDENTITY[sdk=macosx*]" = "Apple Development";
				CODE_SIGN_STYLE = Automatic;
				CURRENT_PROJECT_VERSION = 1;
				DEVELOPMENT_TEAM = 4DLX77NUK4;
				ENABLE_APP_SANDBOX = NO;
				ENABLE_HARDENED_RUNTIME = NO;
				GENERATE_INFOPLIST_FILE = YES;
				INFOPLIST_FILE = "macOS (App)/Info.plist";
				INFOPLIST_KEY_CFBundleDisplayName = "To Recipient Warning";
				INFOPLIST_KEY_NSMainStoryboardFile = Main;
				INFOPLIST_KEY_NSPrincipalClass = NSApplication;
				LD_RUNPATH_SEARCH_PATHS = (
					"$(inherited)",
					"@executable_path/../Frameworks",
				);
				MACOSX_DEPLOYMENT_TARGET = 10.14;
				MARKETING_VERSION = 1.0;
				OTHER_LDFLAGS = (
					"-framework",
					SafariServices,
					"-framework",
					WebKit,
				);
				PRODUCT_BUNDLE_IDENTIFIER = dev.adamyonk.gmailccwarn;
				PRODUCT_NAME = "To Recipient Warning";
				REGISTER_APP_GROUPS = YES;
				SDKROOT = macosx;
				STRING_CATALOG_GENERATE_SYMBOLS = YES;
				SWIFT_APPROACHABLE_CONCURRENCY = YES;
				SWIFT_DEFAULT_ACTOR_ISOLATION = MainActor;
				SWIFT_EMIT_LOC_STRINGS = YES;
				SWIFT_UPCOMING_FEATURE_MEMBER_IMPORT_VISIBILITY = YES;
				SWIFT_VERSION = 5.0;
			};
			name = Release;
		};
/* End XCBuildConfiguration section */

/* Begin XCConfigurationList section */
		66454B6A2FB72B34009E2DE3 /* Build configuration list for PBXProject "To Recipient Warning" */ = {
			isa = XCConfigurationList;
			buildConfigurations = (
				66454BB62FB72B35009E2DE3 /* Debug */,
				66454BB72FB72B35009E2DE3 /* Release */,
			);
			defaultConfigurationIsVisible = 0;
			defaultConfigurationName = Release;
		};
		66454BB82FB72B35009E2DE3 /* Build configuration list for PBXNativeTarget "To Recipient Warning Extension (iOS)" */ = {
			isa = XCConfigurationList;
			buildConfigurations = (
				66454BB92FB72B35009E2DE3 /* Debug */,
				66454BBA2FB72B35009E2DE3 /* Release */,
			);
			defaultConfigurationIsVisible = 0;
			defaultConfigurationName = Release;
		};
		66454BBC2FB72B35009E2DE3 /* Build configuration list for PBXNativeTarget "To Recipient Warning (iOS)" */ = {
			isa = XCConfigurationList;
			buildConfigurations = (
				66454BBD2FB72B35009E2DE3 /* Debug */,
				66454BBE2FB72B35009E2DE3 /* Release */,
			);
			defaultConfigurationIsVisible = 0;
			defaultConfigurationName = Release;
		};
		66454BBF2FB72B35009E2DE3 /* Build configuration list for PBXNativeTarget "To Recipient Warning Extension (macOS)" */ = {
			isa = XCConfigurationList;
			buildConfigurations = (
				66454BC02FB72B35009E2DE3 /* Debug */,
				66454BC12FB72B35009E2DE3 /* Release */,
			);
			defaultConfigurationIsVisible = 0;
			defaultConfigurationName = Release;
		};
		66454BC32FB72B35009E2DE3 /* Build configuration list for PBXNativeTarget "To Recipient Warning (macOS)" */ = {
			isa = XCConfigurationList;
			buildConfigurations = (
				66454BC42FB72B35009E2DE3 /* Debug */,
				66454BC52FB72B35009E2DE3 /* Release */,
			);
			defaultConfigurationIsVisible = 0;
			defaultConfigurationName = Release;
		};
/* End XCConfigurationList section */
	};
	rootObject = 66454B672FB72B34009E2DE3 /* Project object */;
}
